
Microsoft Visual Studio Solution File, Format Version 12.00
# Visual Studio Version 16
VisualStudioVersion = 16.0.31005.135
MinimumVisualStudioVersion = 10.0.40219.1
Project("{FAE04EC0-301F-11D3-BF4B-00C04F79EFBC}") = "MicroSim", "MicroSim\MicroSim.csproj", "{C69546C9-E912-4671-BEA8-0EF5432753A1}"
EndProject
Global
	GlobalSection(SolutionConfigurationPlatforms) = preSolution
		Debug|Any CPU = Debug|Any CPU
		Release|Any CPU = Release|Any CPU
	EndGlobalSection
	GlobalSection(ProjectConfigurationPlatforms) = postSolution
		{C69546C9-E912-4671-BEA8-0EF5432753A1}.Debug|Any CPU.ActiveCfg = Debug|Any CPU
		{C69546C9-E912-4671-BEA8-0EF5432753A1}.Debug|Any CPU.Build.0 = Debug|Any CPU
		{C69546C9-E912-4671-BEA8-0EF5432753A1}.Release|Any CPU.ActiveCfg = Release|Any CPU
		{C69546C9-E912-4671-BEA8-0EF5432753A1}.Release|Any CPU.Build.0 = Release|Any CPU
	EndGlobalSection
	GlobalSection(SolutionProperties) = preSolution
		HideSolutionNode = FALSE
	EndGlobalSection
	GlobalSection(ExtensibilityGlobals) = postSolution
		SolutionGuid = {D766DC5B-A18A-4A7E-A628-B9D537F2643A}
	EndGlobalSection
EndGlobal
